
Microsoft Visual Studio Solution File, Format Version 12.00
# Visual Studio Version 17
VisualStudioVersion = 17.5.33502.453
MinimumVisualStudioVersion = 10.0.40219.1
Project("{FAE04EC0-301F-11D3-BF4B-00C04F79EFBC}") = "ReactRealFun", "ReactRealFun.csproj", "{21386E91-C99C-458F-8331-4E16B9B4A15F}"
EndProject
Global
	GlobalSection(SolutionConfigurationPlatforms) = preSolution
		Debug|Any CPU = Debug|Any CPU
		Release|Any CPU = Release|Any CPU
	EndGlobalSection
	GlobalSection(ProjectConfigurationPlatforms) = postSolution
		{21386E91-C99C-458F-8331-4E16B9B4A15F}.Debug|Any CPU.ActiveCfg = Debug|Any CPU
		{21386E91-C99C-458F-8331-4E16B9B4A15F}.Debug|Any CPU.Build.0 = Debug|Any CPU
		{21386E91-C99C-458F-8331-4E16B9B4A15F}.Release|Any CPU.ActiveCfg = Release|Any CPU
		{21386E91-C99C-458F-8331-4E16B9B4A15F}.Release|Any CPU.Build.0 = Release|Any CPU
	EndGlobalSection
	GlobalSection(SolutionProperties) = preSolution
		HideSolutionNode = FALSE
	EndGlobalSection
	GlobalSection(ExtensibilityGlobals) = postSolution
		SolutionGuid = {B8704296-08E5-4438-85B5-8AAA1E922F56}
	EndGlobalSection
EndGlobal
